PODS:
  - AFNetworking (1.1.0)
  - Kiwi (2.2)
  - LevelUpSDK (0.12.4):
    - LevelUpSDK/Core
  - LevelUpSDK/Core (0.12.4):
    - AFNetworking (~> 1.1.0)
    - LUKeychainAccess (~> 1.0.0)
    - ZXingObjC (~> 2.0.2)
  - LevelUpSDK/Testing (0.12.4):
    - OHHTTPStubs (~> 1.1.2)
  - LUKeychainAccess (1.0.1)
  - OHHTTPStubs (1.1.2)
  - ZXingObjC (2.0.2)

DEPENDENCIES:
  - Kiwi (= 2.2)
  - LevelUpSDK (= 0.12.4)
  - LevelUpSDK/Testing (= 0.12.4)

SPEC CHECKSUMS:
  AFNetworking: 761a418233d280c1e0580bcb76ff9cb4c3073d17
  Kiwi: db174bba4ee8068b15d7122f1b22fb64b7c1d378
  LevelUpSDK: b9e54e7a385455b78d14fb152c8cafb15bd9d03a
  LUKeychainAccess: 6ba22b2e1eec24f9f2fc9c6a9087d5524a58b1a2
  OHHTTPStubs: a840cb0fe0c2a4271018be540782cc97139dff53
  ZXingObjC: 9b2918fbb89d1febfdc7b2b1debd1dc6bf60f97a

COCOAPODS: 0.23.0
