<?xml version="1.0" encoding="UTF-8"?>
<!DOCTYPE plist PUBLIC "-//Apple//DTD PLIST 1.0//EN" "http://www.apple.com/DTDs/PropertyList-1.0.dtd">
<plist version="1.0">
<dict>
	<key>archiveVersion</key>
	<string>1</string>
	<key>classes</key>
	<dict/>
	<key>objectVersion</key>
	<string>46</string>
	<key>objects</key>
	<dict>
		<key>029F3BFE17B3F0E7009B0BB0</key>
		<dict>
			<key>children</key>
			<array>
				<string>029F3C1017B3F0E7009B0BB0</string>
				<string>029F3C3417B3F0E8009B0BB0</string>
				<string>029F3C0917B3F0E7009B0BB0</string>
				<string>029F3C0817B3F0E7009B0BB0</string>
				<string>43EEB90621CF46E2BA203180</string>
				<string>22E6B0795DB544C5AC7A9984</string>
			</array>
			<key>indentWidth</key>
			<string>4</string>
			<key>isa</key>
			<string>PBXGroup</string>
			<key>sourceTree</key>
			<string>&lt;group&gt;</string>
			<key>tabWidth</key>
			<string>4</string>
			<key>usesTabs</key>
			<string>0</string>
		</dict>
		<key>029F3BFF17B3F0E7009B0BB0</key>
		<dict>
			<key>attributes</key>
			<dict>
				<key>LastUpgradeCheck</key>
				<string>0460</string>
				<key>ORGANIZATIONNAME</key>
				<string>SCVNGR</string>
			</dict>
			<key>buildConfigurationList</key>
			<string>029F3C0217B3F0E7009B0BB0</string>
			<key>compatibilityVersion</key>
			<string>Xcode 3.2</string>
			<key>developmentRegion</key>
			<string>English</string>
			<key>hasScannedForEncodings</key>
			<string>0</string>
			<key>isa</key>
			<string>PBXProject</string>
			<key>knownRegions</key>
			<array>
				<string>en</string>
			</array>
			<key>mainGroup</key>
			<string>029F3BFE17B3F0E7009B0BB0</string>
			<key>productRefGroup</key>
			<string>029F3C0817B3F0E7009B0BB0</string>
			<key>projectDirPath</key>
			<string></string>
			<key>projectReferences</key>
			<array/>
			<key>projectRoot</key>
			<string></string>
			<key>targets</key>
			<array>
				<string>029F3C0617B3F0E7009B0BB0</string>
				<string>029F3C2C17B3F0E8009B0BB0</string>
			</array>
		</dict>
		<key>029F3C0217B3F0E7009B0BB0</key>
		<dict>
			<key>buildConfigurations</key>
			<array>
				<string>029F3C3D17B3F0E8009B0BB0</string>
				<string>029F3C3E17B3F0E8009B0BB0</string>
			</array>
			<key>defaultConfigurationIsVisible</key>
			<string>0</string>
			<key>defaultConfigurationName</key>
			<string>Release</string>
			<key>isa</key>
			<string>XCConfigurationList</string>
		</dict>
		<key>029F3C0317B3F0E7009B0BB0</key>
		<dict>
			<key>buildActionMask</key>
			<string>2147483647</string>
			<key>files</key>
			<array>
				<string>029F3C1B17B3F0E7009B0BB0</string>
				<string>029F3C5517B3F369009B0BB0</string>
				<string>029F3C5B17B3F369009B0BB0</string>
			</array>
			<key>isa</key>
			<string>PBXSourcesBuildPhase</string>
			<key>runOnlyForDeploymentPostprocessing</key>
			<string>0</string>
		</dict>
		<key>029F3C0417B3F0E7009B0BB0</key>
		<dict>
			<key>buildActionMask</key>
			<string>2147483647</string>
			<key>files</key>
			<array>
				<string>029F3C0B17B3F0E7009B0BB0</string>
				<string>029F3C0D17B3F0E7009B0BB0</string>
				<string>029F3C0F17B3F0E7009B0BB0</string>
				<string>25B21E93647540AF9A2B2395</string>
			</array>
			<key>isa</key>
			<string>PBXFrameworksBuildPhase</string>
			<key>runOnlyForDeploymentPostprocessing</key>
			<string>0</string>
		</dict>
		<key>029F3C0517B3F0E7009B0BB0</key>
		<dict>
			<key>buildActionMask</key>
			<string>2147483647</string>
			<key>files</key>
			<array>
				<string>029F3C5617B3F369009B0BB0</string>
				<string>029F3C5717B3F369009B0BB0</string>
				<string>029F3C5817B3F369009B0BB0</string>
				<string>029F3C5917B3F369009B0BB0</string>
			</array>
			<key>isa</key>
			<string>PBXResourcesBuildPhase</string>
			<key>runOnlyForDeploymentPostprocessing</key>
			<string>0</string>
		</dict>
		<key>029F3C0617B3F0E7009B0BB0</key>
		<dict>
			<key>buildConfigurationList</key>
			<string>029F3C3F17B3F0E8009B0BB0</string>
			<key>buildPhases</key>
			<array>
				<string>D89255095EA74A32A1E8B605</string>
				<string>029F3C0317B3F0E7009B0BB0</string>
				<string>029F3C0417B3F0E7009B0BB0</string>
				<string>029F3C0517B3F0E7009B0BB0</string>
				<string>A30DB166B07446E2B63B0338</string>
				<string>0B0F5D5BA82649E8AC7798A3</string>
			</array>
			<key>buildRules</key>
			<array/>
			<key>dependencies</key>
			<array/>
			<key>isa</key>
			<string>PBXNativeTarget</string>
			<key>name</key>
			<string>CoreSDKSample</string>
			<key>productName</key>
			<string>CoreSDKSample</string>
			<key>productReference</key>
			<string>029F3C0717B3F0E7009B0BB0</string>
			<key>productType</key>
			<string>com.apple.product-type.application</string>
		</dict>
		<key>029F3C0717B3F0E7009B0BB0</key>
		<dict>
			<key>explicitFileType</key>
			<string>wrapper.application</string>
			<key>includeInIndex</key>
			<string>0</string>
			<key>isa</key>
			<string>PBXFileReference</string>
			<key>path</key>
			<string>CoreSDKSample.app</string>
			<key>sourceTree</key>
			<string>BUILT_PRODUCTS_DIR</string>
		</dict>
		<key>029F3C0817B3F0E7009B0BB0</key>
		<dict>
			<key>children</key>
			<array>
				<string>029F3C0717B3F0E7009B0BB0</string>
				<string>029F3C2D17B3F0E8009B0BB0</string>
			</array>
			<key>isa</key>
			<string>PBXGroup</string>
			<key>name</key>
			<string>Products</string>
			<key>sourceTree</key>
			<string>&lt;group&gt;</string>
		</dict>
		<key>029F3C0917B3F0E7009B0BB0</key>
		<dict>
			<key>children</key>
			<array>
				<string>029F3C0A17B3F0E7009B0BB0</string>
				<string>029F3C0C17B3F0E7009B0BB0</string>
				<string>029F3C0E17B3F0E7009B0BB0</string>
				<string>029F3C2E17B3F0E8009B0BB0</string>
				<string>522D35D0BB894D019D27FE1D</string>
				<string>E816A77369564D8A8781B0AB</string>
			</array>
			<key>isa</key>
			<string>PBXGroup</string>
			<key>name</key>
			<string>Frameworks</string>
			<key>sourceTree</key>
			<string>&lt;group&gt;</string>
		</dict>
		<key>029F3C0A17B3F0E7009B0BB0</key>
		<dict>
			<key>isa</key>
			<string>PBXFileReference</string>
			<key>lastKnownFileType</key>
			<string>wrapper.framework</string>
			<key>name</key>
			<string>UIKit.framework</string>
			<key>path</key>
			<string>System/Library/Frameworks/UIKit.framework</string>
			<key>sourceTree</key>
			<string>SDKROOT</string>
		</dict>
		<key>029F3C0B17B3F0E7009B0BB0</key>
		<dict>
			<key>fileRef</key>
			<string>029F3C0A17B3F0E7009B0BB0</string>
			<key>isa</key>
			<string>PBXBuildFile</string>
		</dict>
		<key>029F3C0C17B3F0E7009B0BB0</key>
		<dict>
			<key>isa</key>
			<string>PBXFileReference</string>
			<key>lastKnownFileType</key>
			<string>wrapper.framework</string>
			<key>name</key>
			<string>Foundation.framework</string>
			<key>path</key>
			<string>System/Library/Frameworks/Foundation.framework</string>
			<key>sourceTree</key>
			<string>SDKROOT</string>
		</dict>
		<key>029F3C0D17B3F0E7009B0BB0</key>
		<dict>
			<key>fileRef</key>
			<string>029F3C0C17B3F0E7009B0BB0</string>
			<key>isa</key>
			<string>PBXBuildFile</string>
		</dict>
		<key>029F3C0E17B3F0E7009B0BB0</key>
		<dict>
			<key>isa</key>
			<string>PBXFileReference</string>
			<key>lastKnownFileType</key>
			<string>wrapper.framework</string>
			<key>name</key>
			<string>CoreGraphics.framework</string>
			<key>path</key>
			<string>System/Library/Frameworks/CoreGraphics.framework</string>
			<key>sourceTree</key>
			<string>SDKROOT</string>
		</dict>
		<key>029F3C0F17B3F0E7009B0BB0</key>
		<dict>
			<key>fileRef</key>
			<string>029F3C0E17B3F0E7009B0BB0</string>
			<key>isa</key>
			<string>PBXBuildFile</string>
		</dict>
		<key>029F3C1017B3F0E7009B0BB0</key>
		<dict>
			<key>children</key>
			<array>
				<string>029F3C1917B3F0E7009B0BB0</string>
				<string>029F3C1A17B3F0E7009B0BB0</string>
				<string>029F3C4717B3F369009B0BB0</string>
				<string>029F3C4A17B3F369009B0BB0</string>
				<string>029F3C5117B3F369009B0BB0</string>
			</array>
			<key>isa</key>
			<string>PBXGroup</string>
			<key>path</key>
			<string>Source</string>
			<key>sourceTree</key>
			<string>&lt;group&gt;</string>
		</dict>
		<key>029F3C1917B3F0E7009B0BB0</key>
		<dict>
			<key>isa</key>
			<string>PBXFileReference</string>
			<key>lastKnownFileType</key>
			<string>sourcecode.c.h</string>
			<key>path</key>
			<string>AppDelegate.h</string>
			<key>sourceTree</key>
			<string>&lt;group&gt;</string>
		</dict>
		<key>029F3C1A17B3F0E7009B0BB0</key>
		<dict>
			<key>isa</key>
			<string>PBXFileReference</string>
			<key>lastKnownFileType</key>
			<string>sourcecode.c.objc</string>
			<key>path</key>
			<string>AppDelegate.m</string>
			<key>sourceTree</key>
			<string>&lt;group&gt;</string>
		</dict>
		<key>029F3C1B17B3F0E7009B0BB0</key>
		<dict>
			<key>fileRef</key>
			<string>029F3C1A17B3F0E7009B0BB0</string>
			<key>isa</key>
			<string>PBXBuildFile</string>
		</dict>
		<key>029F3C2817B3F0E8009B0BB0</key>
		<dict>
			<key>buildActionMask</key>
			<string>2147483647</string>
			<key>files</key>
			<array>
				<string>029F3C5F17B3F420009B0BB0</string>
			</array>
			<key>isa</key>
			<string>PBXSourcesBuildPhase</string>
			<key>runOnlyForDeploymentPostprocessing</key>
			<string>0</string>
		</dict>
		<key>029F3C2917B3F0E8009B0BB0</key>
		<dict>
			<key>buildActionMask</key>
			<string>2147483647</string>
			<key>files</key>
			<array>
				<string>029F3C2F17B3F0E8009B0BB0</string>
				<string>029F3C3017B3F0E8009B0BB0</string>
				<string>029F3C3117B3F0E8009B0BB0</string>
				<string>41ECBC3BCFA64244B7CDD47B</string>
			</array>
			<key>isa</key>
			<string>PBXFrameworksBuildPhase</string>
			<key>runOnlyForDeploymentPostprocessing</key>
			<string>0</string>
		</dict>
		<key>029F3C2A17B3F0E8009B0BB0</key>
		<dict>
			<key>buildActionMask</key>
			<string>2147483647</string>
			<key>files</key>
			<array/>
			<key>isa</key>
			<string>PBXResourcesBuildPhase</string>
			<key>runOnlyForDeploymentPostprocessing</key>
			<string>0</string>
		</dict>
		<key>029F3C2B17B3F0E8009B0BB0</key>
		<dict>
			<key>buildActionMask</key>
			<string>2147483647</string>
			<key>files</key>
			<array/>
			<key>inputPaths</key>
			<array/>
			<key>isa</key>
			<string>PBXShellScriptBuildPhase</string>
			<key>outputPaths</key>
			<array/>
			<key>runOnlyForDeploymentPostprocessing</key>
			<string>0</string>
			<key>shellPath</key>
			<string>/bin/sh</string>
			<key>shellScript</key>
			<string># Run the unit tests in this test bundle.
"${SYSTEM_DEVELOPER_DIR}/Tools/RunUnitTests"
</string>
		</dict>
		<key>029F3C2C17B3F0E8009B0BB0</key>
		<dict>
			<key>buildConfigurationList</key>
			<string>029F3C4217B3F0E8009B0BB0</string>
			<key>buildPhases</key>
			<array>
				<string>5D9220E1AAC04C82988C653B</string>
				<string>029F3C2817B3F0E8009B0BB0</string>
				<string>029F3C2917B3F0E8009B0BB0</string>
				<string>029F3C2A17B3F0E8009B0BB0</string>
				<string>029F3C2B17B3F0E8009B0BB0</string>
				<string>2CDC5B5BF73A43DC8E7F5AE4</string>
			</array>
			<key>buildRules</key>
			<array/>
			<key>dependencies</key>
			<array>
				<string>029F3C3317B3F0E8009B0BB0</string>
			</array>
			<key>isa</key>
			<string>PBXNativeTarget</string>
			<key>name</key>
			<string>Unit Tests</string>
			<key>productName</key>
			<string>CoreSDKSampleTests</string>
			<key>productReference</key>
			<string>029F3C2D17B3F0E8009B0BB0</string>
			<key>productType</key>
			<string>com.apple.product-type.bundle</string>
		</dict>
		<key>029F3C2D17B3F0E8009B0BB0</key>
		<dict>
			<key>explicitFileType</key>
			<string>wrapper.cfbundle</string>
			<key>includeInIndex</key>
			<string>0</string>
			<key>isa</key>
			<string>PBXFileReference</string>
			<key>path</key>
			<string>Unit Tests.octest</string>
			<key>sourceTree</key>
			<string>BUILT_PRODUCTS_DIR</string>
		</dict>
		<key>029F3C2E17B3F0E8009B0BB0</key>
		<dict>
			<key>isa</key>
			<string>PBXFileReference</string>
			<key>lastKnownFileType</key>
			<string>wrapper.framework</string>
			<key>name</key>
			<string>SenTestingKit.framework</string>
			<key>path</key>
			<string>Library/Frameworks/SenTestingKit.framework</string>
			<key>sourceTree</key>
			<string>DEVELOPER_DIR</string>
		</dict>
		<key>029F3C2F17B3F0E8009B0BB0</key>
		<dict>
			<key>fileRef</key>
			<string>029F3C2E17B3F0E8009B0BB0</string>
			<key>isa</key>
			<string>PBXBuildFile</string>
		</dict>
		<key>029F3C3017B3F0E8009B0BB0</key>
		<dict>
			<key>fileRef</key>
			<string>029F3C0A17B3F0E7009B0BB0</string>
			<key>isa</key>
			<string>PBXBuildFile</string>
		</dict>
		<key>029F3C3117B3F0E8009B0BB0</key>
		<dict>
			<key>fileRef</key>
			<string>029F3C0C17B3F0E7009B0BB0</string>
			<key>isa</key>
			<string>PBXBuildFile</string>
		</dict>
		<key>029F3C3217B3F0E8009B0BB0</key>
		<dict>
			<key>containerPortal</key>
			<string>029F3BFF17B3F0E7009B0BB0</string>
			<key>isa</key>
			<string>PBXContainerItemProxy</string>
			<key>proxyType</key>
			<string>1</string>
			<key>remoteGlobalIDString</key>
			<string>029F3C0617B3F0E7009B0BB0</string>
			<key>remoteInfo</key>
			<string>CoreSDKSample</string>
		</dict>
		<key>029F3C3317B3F0E8009B0BB0</key>
		<dict>
			<key>isa</key>
			<string>PBXTargetDependency</string>
			<key>target</key>
			<string>029F3C0617B3F0E7009B0BB0</string>
			<key>targetProxy</key>
			<string>029F3C3217B3F0E8009B0BB0</string>
		</dict>
		<key>029F3C3417B3F0E8009B0BB0</key>
		<dict>
			<key>children</key>
			<array>
				<string>029F3C5E17B3F420009B0BB0</string>
				<string>029F3C5C17B3F406009B0BB0</string>
			</array>
			<key>isa</key>
			<string>PBXGroup</string>
			<key>name</key>
			<string>Unit Tests</string>
			<key>path</key>
			<string>Unit-Tests</string>
			<key>sourceTree</key>
			<string>&lt;group&gt;</string>
		</dict>
		<key>029F3C3D17B3F0E8009B0BB0</key>
		<dict>
			<key>buildSettings</key>
			<dict>
				<key>ALWAYS_SEARCH_USER_PATHS</key>
				<string>NO</string>
				<key>CLANG_CXX_LANGUAGE_STANDARD</key>
				<string>gnu++0x</string>
				<key>CLANG_CXX_LIBRARY</key>
				<string>libc++</string>
				<key>CLANG_ENABLE_OBJC_ARC</key>
				<string>YES</string>
				<key>CLANG_WARN_CONSTANT_CONVERSION</key>
				<string>YES</string>
				<key>CLANG_WARN_EMPTY_BODY</key>
				<string>YES</string>
				<key>CLANG_WARN_ENUM_CONVERSION</key>
				<string>YES</string>
				<key>CLANG_WARN_INT_CONVERSION</key>
				<string>YES</string>
				<key>CLANG_WARN__DUPLICATE_METHOD_MATCH</key>
				<string>YES</string>
				<key>COPY_PHASE_STRIP</key>
				<string>NO</string>
				<key>GCC_C_LANGUAGE_STANDARD</key>
				<string>gnu99</string>
				<key>GCC_DYNAMIC_NO_PIC</key>
				<string>NO</string>
				<key>GCC_OPTIMIZATION_LEVEL</key>
				<string>0</string>
				<key>GCC_PREPROCESSOR_DEFINITIONS</key>
				<array>
					<string>DEBUG=1</string>
					<string>$(inherited)</string>
				</array>
				<key>GCC_SYMBOLS_PRIVATE_EXTERN</key>
				<string>NO</string>
				<key>GCC_WARN_64_TO_32_BIT_CONVERSION</key>
				<string>YES</string>
				<key>GCC_WARN_ABOUT_MISSING_FIELD_INITIALIZERS</key>
				<string>YES</string>
				<key>GCC_WARN_ABOUT_MISSING_NEWLINE</key>
				<string>YES</string>
				<key>GCC_WARN_ABOUT_RETURN_TYPE</key>
				<string>YES</string>
				<key>GCC_WARN_CHECK_SWITCH_STATEMENTS</key>
				<string>YES</string>
				<key>GCC_WARN_INITIALIZER_NOT_FULLY_BRACKETED</key>
				<string>YES</string>
				<key>GCC_WARN_MISSING_PARENTHESES</key>
				<string>YES</string>
				<key>GCC_WARN_SHADOW</key>
				<string>YES</string>
				<key>GCC_WARN_SIGN_COMPARE</key>
				<string>YES</string>
				<key>GCC_WARN_TYPECHECK_CALLS_TO_PRINTF</key>
				<string>YES</string>
				<key>GCC_WARN_UNDECLARED_SELECTOR</key>
				<string>YES</string>
				<key>GCC_WARN_UNINITIALIZED_AUTOS</key>
				<string>YES</string>
				<key>GCC_WARN_UNUSED_FUNCTION</key>
				<string>YES</string>
				<key>GCC_WARN_UNUSED_LABEL</key>
				<string>YES</string>
				<key>GCC_WARN_UNUSED_VALUE</key>
				<string>YES</string>
				<key>GCC_WARN_UNUSED_VARIABLE</key>
				<string>YES</string>
				<key>IPHONEOS_DEPLOYMENT_TARGET</key>
				<string>5.0</string>
				<key>ONLY_ACTIVE_ARCH</key>
				<string>YES</string>
				<key>RUN_CLANG_STATIC_ANALYZER</key>
				<string>YES</string>
				<key>SDKROOT</key>
				<string>iphoneos</string>
			</dict>
			<key>isa</key>
			<string>XCBuildConfiguration</string>
			<key>name</key>
			<string>Debug</string>
		</dict>
		<key>029F3C3E17B3F0E8009B0BB0</key>
		<dict>
			<key>buildSettings</key>
			<dict>
				<key>ALWAYS_SEARCH_USER_PATHS</key>
				<string>NO</string>
				<key>CLANG_CXX_LANGUAGE_STANDARD</key>
				<string>gnu++0x</string>
				<key>CLANG_CXX_LIBRARY</key>
				<string>libc++</string>
				<key>CLANG_ENABLE_OBJC_ARC</key>
				<string>YES</string>
				<key>CLANG_WARN_CONSTANT_CONVERSION</key>
				<string>YES</string>
				<key>CLANG_WARN_EMPTY_BODY</key>
				<string>YES</string>
				<key>CLANG_WARN_ENUM_CONVERSION</key>
				<string>YES</string>
				<key>CLANG_WARN_INT_CONVERSION</key>
				<string>YES</string>
				<key>CLANG_WARN__DUPLICATE_METHOD_MATCH</key>
				<string>YES</string>
				<key>COPY_PHASE_STRIP</key>
				<string>YES</string>
				<key>GCC_C_LANGUAGE_STANDARD</key>
				<string>gnu99</string>
				<key>GCC_WARN_64_TO_32_BIT_CONVERSION</key>
				<string>YES</string>
				<key>GCC_WARN_ABOUT_MISSING_FIELD_INITIALIZERS</key>
				<string>YES</string>
				<key>GCC_WARN_ABOUT_MISSING_NEWLINE</key>
				<string>YES</string>
				<key>GCC_WARN_ABOUT_RETURN_TYPE</key>
				<string>YES</string>
				<key>GCC_WARN_CHECK_SWITCH_STATEMENTS</key>
				<string>YES</string>
				<key>GCC_WARN_INITIALIZER_NOT_FULLY_BRACKETED</key>
				<string>YES</string>
				<key>GCC_WARN_MISSING_PARENTHESES</key>
				<string>YES</string>
				<key>GCC_WARN_SHADOW</key>
				<string>YES</string>
				<key>GCC_WARN_SIGN_COMPARE</key>
				<string>YES</string>
				<key>GCC_WARN_TYPECHECK_CALLS_TO_PRINTF</key>
				<string>YES</string>
				<key>GCC_WARN_UNDECLARED_SELECTOR</key>
				<string>YES</string>
				<key>GCC_WARN_UNINITIALIZED_AUTOS</key>
				<string>YES</string>
				<key>GCC_WARN_UNUSED_FUNCTION</key>
				<string>YES</string>
				<key>GCC_WARN_UNUSED_LABEL</key>
				<string>YES</string>
				<key>GCC_WARN_UNUSED_VALUE</key>
				<string>YES</string>
				<key>GCC_WARN_UNUSED_VARIABLE</key>
				<string>YES</string>
				<key>IPHONEOS_DEPLOYMENT_TARGET</key>
				<string>5.0</string>
				<key>OTHER_CFLAGS</key>
				<string>-DNS_BLOCK_ASSERTIONS=1</string>
				<key>RUN_CLANG_STATIC_ANALYZER</key>
				<string>YES</string>
				<key>SDKROOT</key>
				<string>iphoneos</string>
				<key>VALIDATE_PRODUCT</key>
				<string>YES</string>
			</dict>
			<key>isa</key>
			<string>XCBuildConfiguration</string>
			<key>name</key>
			<string>Release</string>
		</dict>
		<key>029F3C3F17B3F0E8009B0BB0</key>
		<dict>
			<key>buildConfigurations</key>
			<array>
				<string>029F3C4017B3F0E8009B0BB0</string>
				<string>029F3C4117B3F0E8009B0BB0</string>
			</array>
			<key>defaultConfigurationIsVisible</key>
			<string>0</string>
			<key>defaultConfigurationName</key>
			<string>Release</string>
			<key>isa</key>
			<string>XCConfigurationList</string>
		</dict>
		<key>029F3C4017B3F0E8009B0BB0</key>
		<dict>
			<key>baseConfigurationReference</key>
			<string>43EEB90621CF46E2BA203180</string>
			<key>buildSettings</key>
			<dict>
				<key>GCC_PRECOMPILE_PREFIX_HEADER</key>
				<string>YES</string>
				<key>GCC_PREFIX_HEADER</key>
				<string>Source/Supporting-Files/CoreSDKSample-Prefix.pch</string>
				<key>INFOPLIST_FILE</key>
				<string>Source/Supporting-Files/CoreSDKSample-Info.plist</string>
				<key>PRODUCT_NAME</key>
				<string>$(TARGET_NAME)</string>
				<key>WRAPPER_EXTENSION</key>
				<string>app</string>
			</dict>
			<key>isa</key>
			<string>XCBuildConfiguration</string>
			<key>name</key>
			<string>Debug</string>
		</dict>
		<key>029F3C4117B3F0E8009B0BB0</key>
		<dict>
			<key>baseConfigurationReference</key>
			<string>43EEB90621CF46E2BA203180</string>
			<key>buildSettings</key>
			<dict>
				<key>GCC_PRECOMPILE_PREFIX_HEADER</key>
				<string>YES</string>
				<key>GCC_PREFIX_HEADER</key>
				<string>Source/Supporting-Files/CoreSDKSample-Prefix.pch</string>
				<key>INFOPLIST_FILE</key>
				<string>Source/Supporting-Files/CoreSDKSample-Info.plist</string>
				<key>PRODUCT_NAME</key>
				<string>$(TARGET_NAME)</string>
				<key>WRAPPER_EXTENSION</key>
				<string>app</string>
			</dict>
			<key>isa</key>
			<string>XCBuildConfiguration</string>
			<key>name</key>
			<string>Release</string>
		</dict>
		<key>029F3C4217B3F0E8009B0BB0</key>
		<dict>
			<key>buildConfigurations</key>
			<array>
				<string>029F3C4317B3F0E8009B0BB0</string>
				<string>029F3C4417B3F0E8009B0BB0</string>
			</array>
			<key>defaultConfigurationIsVisible</key>
			<string>0</string>
			<key>defaultConfigurationName</key>
			<string>Release</string>
			<key>isa</key>
			<string>XCConfigurationList</string>
		</dict>
		<key>029F3C4317B3F0E8009B0BB0</key>
		<dict>
			<key>baseConfigurationReference</key>
			<string>22E6B0795DB544C5AC7A9984</string>
			<key>buildSettings</key>
			<dict>
				<key>BUNDLE_LOADER</key>
				<string>$(BUILT_PRODUCTS_DIR)/CoreSDKSample.app/CoreSDKSample</string>
				<key>GCC_PRECOMPILE_PREFIX_HEADER</key>
				<string>YES</string>
				<key>GCC_PREFIX_HEADER</key>
				<string>Unit-Tests/Supporting-Files/Unit-Tests-Prefix.pch</string>
				<key>INFOPLIST_FILE</key>
				<string>Unit-Tests/Supporting-Files/Unit-Tests-Info.plist</string>
				<key>PRODUCT_NAME</key>
				<string>$(TARGET_NAME)</string>
				<key>TEST_HOST</key>
				<string>$(BUNDLE_LOADER)</string>
				<key>WRAPPER_EXTENSION</key>
				<string>octest</string>
			</dict>
			<key>isa</key>
			<string>XCBuildConfiguration</string>
			<key>name</key>
			<string>Debug</string>
		</dict>
		<key>029F3C4417B3F0E8009B0BB0</key>
		<dict>
			<key>baseConfigurationReference</key>
			<string>22E6B0795DB544C5AC7A9984</string>
			<key>buildSettings</key>
			<dict>
				<key>BUNDLE_LOADER</key>
				<string>$(BUILT_PRODUCTS_DIR)/CoreSDKSample.app/CoreSDKSample</string>
				<key>GCC_PRECOMPILE_PREFIX_HEADER</key>
				<string>YES</string>
				<key>GCC_PREFIX_HEADER</key>
				<string>Unit-Tests/Supporting-Files/Unit-Tests-Prefix.pch</string>
				<key>INFOPLIST_FILE</key>
				<string>Unit-Tests/Supporting-Files/Unit-Tests-Info.plist</string>
				<key>PRODUCT_NAME</key>
				<string>$(TARGET_NAME)</string>
				<key>TEST_HOST</key>
				<string>$(BUNDLE_LOADER)</string>
				<key>WRAPPER_EXTENSION</key>
				<string>octest</string>
			</dict>
			<key>isa</key>
			<string>XCBuildConfiguration</string>
			<key>name</key>
			<string>Release</string>
		</dict>
		<key>029F3C4717B3F369009B0BB0</key>
		<dict>
			<key>children</key>
			<array>
				<string>029F3C4817B3F369009B0BB0</string>
				<string>029F3C4917B3F369009B0BB0</string>
			</array>
			<key>isa</key>
			<string>PBXGroup</string>
			<key>path</key>
			<string>Controllers</string>
			<key>sourceTree</key>
			<string>&lt;group&gt;</string>
		</dict>
		<key>029F3C4817B3F369009B0BB0</key>
		<dict>
			<key>fileEncoding</key>
			<string>4</string>
			<key>isa</key>
			<string>PBXFileReference</string>
			<key>lastKnownFileType</key>
			<string>sourcecode.c.h</string>
			<key>path</key>
			<string>ViewController.h</string>
			<key>sourceTree</key>
			<string>&lt;group&gt;</string>
		</dict>
		<key>029F3C4917B3F369009B0BB0</key>
		<dict>
			<key>fileEncoding</key>
			<string>4</string>
			<key>isa</key>
			<string>PBXFileReference</string>
			<key>lastKnownFileType</key>
			<string>sourcecode.c.objc</string>
			<key>path</key>
			<string>ViewController.m</string>
			<key>sourceTree</key>
			<string>&lt;group&gt;</string>
		</dict>
		<key>029F3C4A17B3F369009B0BB0</key>
		<dict>
			<key>children</key>
			<array>
				<string>029F3C4B17B3F369009B0BB0</string>
				<string>029F3C4F17B3F369009B0BB0</string>
			</array>
			<key>isa</key>
			<string>PBXGroup</string>
			<key>path</key>
			<string>Resources</string>
			<key>sourceTree</key>
			<string>&lt;group&gt;</string>
		</dict>
		<key>029F3C4B17B3F369009B0BB0</key>
		<dict>
			<key>children</key>
			<array>
				<string>029F3C4C17B3F369009B0BB0</string>
				<string>029F3C4D17B3F369009B0BB0</string>
				<string>029F3C4E17B3F369009B0BB0</string>
			</array>
			<key>isa</key>
			<string>PBXGroup</string>
			<key>path</key>
			<string>Images</string>
			<key>sourceTree</key>
			<string>&lt;group&gt;</string>
		</dict>
		<key>029F3C4C17B3F369009B0BB0</key>
		<dict>
			<key>isa</key>
			<string>PBXFileReference</string>
			<key>lastKnownFileType</key>
			<string>image.png</string>
			<key>path</key>
			<string>Default-568h@2x.png</string>
			<key>sourceTree</key>
			<string>&lt;group&gt;</string>
		</dict>
		<key>029F3C4D17B3F369009B0BB0</key>
		<dict>
			<key>isa</key>
			<string>PBXFileReference</string>
			<key>lastKnownFileType</key>
			<string>image.png</string>
			<key>path</key>
			<string>Default.png</string>
			<key>sourceTree</key>
			<string>&lt;group&gt;</string>
		</dict>
		<key>029F3C4E17B3F369009B0BB0</key>
		<dict>
			<key>isa</key>
			<string>PBXFileReference</string>
			<key>lastKnownFileType</key>
			<string>image.png</string>
			<key>path</key>
			<string>Default@2x.png</string>
			<key>sourceTree</key>
			<string>&lt;group&gt;</string>
		</dict>
		<key>029F3C4F17B3F369009B0BB0</key>
		<dict>
			<key>children</key>
			<array>
				<string>029F3C5017B3F369009B0BB0</string>
			</array>
			<key>isa</key>
			<string>PBXGroup</string>
			<key>path</key>
			<string>Storyboards</string>
			<key>sourceTree</key>
			<string>&lt;group&gt;</string>
		</dict>
		<key>029F3C5017B3F369009B0BB0</key>
		<dict>
			<key>fileEncoding</key>
			<string>4</string>
			<key>isa</key>
			<string>PBXFileReference</string>
			<key>lastKnownFileType</key>
			<string>file.storyboard</string>
			<key>path</key>
			<string>MainStoryboard.storyboard</string>
			<key>sourceTree</key>
			<string>&lt;group&gt;</string>
		</dict>
		<key>029F3C5117B3F369009B0BB0</key>
		<dict>
			<key>children</key>
			<array>
				<string>029F3C5217B3F369009B0BB0</string>
				<string>029F3C5317B3F369009B0BB0</string>
				<string>029F3C5417B3F369009B0BB0</string>
			</array>
			<key>isa</key>
			<string>PBXGroup</string>
			<key>name</key>
			<string>Supporting Files</string>
			<key>path</key>
			<string>Supporting-Files</string>
			<key>sourceTree</key>
			<string>&lt;group&gt;</string>
		</dict>
		<key>029F3C5217B3F369009B0BB0</key>
		<dict>
			<key>fileEncoding</key>
			<string>4</string>
			<key>isa</key>
			<string>PBXFileReference</string>
			<key>lastKnownFileType</key>
			<string>text.plist.xml</string>
			<key>path</key>
			<string>CoreSDKSample-Info.plist</string>
			<key>sourceTree</key>
			<string>&lt;group&gt;</string>
		</dict>
		<key>029F3C5317B3F369009B0BB0</key>
		<dict>
			<key>fileEncoding</key>
			<string>4</string>
			<key>isa</key>
			<string>PBXFileReference</string>
			<key>lastKnownFileType</key>
			<string>sourcecode.c.h</string>
			<key>path</key>
			<string>CoreSDKSample-Prefix.pch</string>
			<key>sourceTree</key>
			<string>&lt;group&gt;</string>
		</dict>
		<key>029F3C5417B3F369009B0BB0</key>
		<dict>
			<key>fileEncoding</key>
			<string>4</string>
			<key>isa</key>
			<string>PBXFileReference</string>
			<key>lastKnownFileType</key>
			<string>sourcecode.c.objc</string>
			<key>path</key>
			<string>main.m</string>
			<key>sourceTree</key>
			<string>&lt;group&gt;</string>
		</dict>
		<key>029F3C5517B3F369009B0BB0</key>
		<dict>
			<key>fileRef</key>
			<string>029F3C4917B3F369009B0BB0</string>
			<key>isa</key>
			<string>PBXBuildFile</string>
		</dict>
		<key>029F3C5617B3F369009B0BB0</key>
		<dict>
			<key>fileRef</key>
			<string>029F3C4C17B3F369009B0BB0</string>
			<key>isa</key>
			<string>PBXBuildFile</string>
		</dict>
		<key>029F3C5717B3F369009B0BB0</key>
		<dict>
			<key>fileRef</key>
			<string>029F3C4D17B3F369009B0BB0</string>
			<key>isa</key>
			<string>PBXBuildFile</string>
		</dict>
		<key>029F3C5817B3F369009B0BB0</key>
		<dict>
			<key>fileRef</key>
			<string>029F3C4E17B3F369009B0BB0</string>
			<key>isa</key>
			<string>PBXBuildFile</string>
		</dict>
		<key>029F3C5917B3F369009B0BB0</key>
		<dict>
			<key>fileRef</key>
			<string>029F3C5017B3F369009B0BB0</string>
			<key>isa</key>
			<string>PBXBuildFile</string>
		</dict>
		<key>029F3C5B17B3F369009B0BB0</key>
		<dict>
			<key>fileRef</key>
			<string>029F3C5417B3F369009B0BB0</string>
			<key>isa</key>
			<string>PBXBuildFile</string>
		</dict>
		<key>029F3C5C17B3F406009B0BB0</key>
		<dict>
			<key>children</key>
			<array>
				<string>029F3C5D17B3F406009B0BB0</string>
				<string>029F3C6017B3F444009B0BB0</string>
			</array>
			<key>isa</key>
			<string>PBXGroup</string>
			<key>name</key>
			<string>Supporting Files</string>
			<key>path</key>
			<string>Supporting-Files</string>
			<key>sourceTree</key>
			<string>&lt;group&gt;</string>
		</dict>
		<key>029F3C5D17B3F406009B0BB0</key>
		<dict>
			<key>isa</key>
			<string>PBXFileReference</string>
			<key>lastKnownFileType</key>
			<string>text.plist.xml</string>
			<key>path</key>
			<string>Unit-Tests-Info.plist</string>
			<key>sourceTree</key>
			<string>&lt;group&gt;</string>
		</dict>
		<key>029F3C5E17B3F420009B0BB0</key>
		<dict>
			<key>fileEncoding</key>
			<string>4</string>
			<key>isa</key>
			<string>PBXFileReference</string>
			<key>lastKnownFileType</key>
			<string>sourcecode.c.objc</string>
			<key>path</key>
			<string>AppDelegateSpec.m</string>
			<key>sourceTree</key>
			<string>&lt;group&gt;</string>
		</dict>
		<key>029F3C5F17B3F420009B0BB0</key>
		<dict>
			<key>fileRef</key>
			<string>029F3C5E17B3F420009B0BB0</string>
			<key>isa</key>
			<string>PBXBuildFile</string>
		</dict>
		<key>029F3C6017B3F444009B0BB0</key>
		<dict>
			<key>fileEncoding</key>
			<string>4</string>
			<key>isa</key>
			<string>PBXFileReference</string>
			<key>lastKnownFileType</key>
			<string>sourcecode.c.h</string>
			<key>path</key>
			<string>Unit-Tests-Prefix.pch</string>
			<key>sourceTree</key>
			<string>&lt;group&gt;</string>
		</dict>
		<key>0B0F5D5BA82649E8AC7798A3</key>
		<dict>
			<key>buildActionMask</key>
			<string>2147483647</string>
			<key>files</key>
			<array/>
			<key>inputPaths</key>
			<array/>
			<key>isa</key>
			<string>PBXShellScriptBuildPhase</string>
			<key>name</key>
			<string>Warn for TODO and FIXME comments</string>
			<key>outputPaths</key>
			<array/>
			<key>runOnlyForDeploymentPostprocessing</key>
			<string>0</string>
			<key>shellPath</key>
			<string>/bin/sh</string>
			<key>shellScript</key>
			<string>KEYWORDS="TODO:|FIXME:|\?\?\?:|\!\!\!:"
FILE_EXTENSIONS="h|m|mm|c|cpp"
find -E "${SRCROOT}" -ipath "${SRCROOT}/pods" -prune -o \( -regex ".*\.($FILE_EXTENSIONS)$" \) -print0 | xargs -0 egrep --with-filename --line-number --only-matching "($KEYWORDS).*\$" | perl -p -e "s/($KEYWORDS)/ warning: \$1/"
</string>
			<key>showEnvVarsInLog</key>
			<string>1</string>
		</dict>
		<key>22E6B0795DB544C5AC7A9984</key>
		<dict>
			<key>includeInIndex</key>
			<string>1</string>
			<key>isa</key>
			<string>PBXFileReference</string>
			<key>lastKnownFileType</key>
			<string>text.xcconfig</string>
			<key>name</key>
			<string>Pods-test.xcconfig</string>
			<key>path</key>
			<string>Pods/Pods-test.xcconfig</string>
			<key>sourceTree</key>
			<string>SOURCE_ROOT</string>
		</dict>
		<key>25B21E93647540AF9A2B2395</key>
		<dict>
			<key>fileRef</key>
			<string>522D35D0BB894D019D27FE1D</string>
			<key>isa</key>
			<string>PBXBuildFile</string>
		</dict>
		<key>2CDC5B5BF73A43DC8E7F5AE4</key>
		<dict>
			<key>buildActionMask</key>
			<string>2147483647</string>
			<key>files</key>
			<array/>
			<key>inputPaths</key>
			<array/>
			<key>isa</key>
			<string>PBXShellScriptBuildPhase</string>
			<key>name</key>
			<string>Copy Pods Resources</string>
			<key>outputPaths</key>
			<array/>
			<key>runOnlyForDeploymentPostprocessing</key>
			<string>0</string>
			<key>shellPath</key>
			<string>/bin/sh</string>
			<key>shellScript</key>
			<string>"${SRCROOT}/Pods/Pods-test-resources.sh"
</string>
			<key>showEnvVarsInLog</key>
			<string>0</string>
		</dict>
		<key>41ECBC3BCFA64244B7CDD47B</key>
		<dict>
			<key>fileRef</key>
			<string>E816A77369564D8A8781B0AB</string>
			<key>isa</key>
			<string>PBXBuildFile</string>
		</dict>
		<key>43EEB90621CF46E2BA203180</key>
		<dict>
			<key>includeInIndex</key>
			<string>1</string>
			<key>isa</key>
			<string>PBXFileReference</string>
			<key>lastKnownFileType</key>
			<string>text.xcconfig</string>
			<key>name</key>
			<string>Pods.xcconfig</string>
			<key>path</key>
			<string>Pods/Pods.xcconfig</string>
			<key>sourceTree</key>
			<string>SOURCE_ROOT</string>
		</dict>
		<key>522D35D0BB894D019D27FE1D</key>
		<dict>
			<key>explicitFileType</key>
			<string>archive.ar</string>
			<key>includeInIndex</key>
			<string>0</string>
			<key>isa</key>
			<string>PBXFileReference</string>
			<key>path</key>
			<string>libPods.a</string>
			<key>sourceTree</key>
			<string>BUILT_PRODUCTS_DIR</string>
		</dict>
		<key>5D9220E1AAC04C82988C653B</key>
		<dict>
			<key>buildActionMask</key>
			<string>2147483647</string>
			<key>files</key>
			<array/>
			<key>inputPaths</key>
			<array/>
			<key>isa</key>
			<string>PBXShellScriptBuildPhase</string>
			<key>name</key>
			<string>Check Pods Manifest.lock</string>
			<key>outputPaths</key>
			<array/>
			<key>runOnlyForDeploymentPostprocessing</key>
			<string>0</string>
			<key>shellPath</key>
			<string>/bin/sh</string>
			<key>shellScript</key>
			<string>diff "${PODS_ROOT}/../Podfile.lock" "${PODS_ROOT}/Manifest.lock" &gt; /dev/null
if [[ $? != 0 ]] ; then
    cat &lt;&lt; EOM
error: The sandbox is not in sync with the Podfile.lock. Run 'pod install' or update your CocoaPods installation.
EOM
    exit 1
fi
</string>
			<key>showEnvVarsInLog</key>
			<string>0</string>
		</dict>
		<key>A30DB166B07446E2B63B0338</key>
		<dict>
			<key>buildActionMask</key>
			<string>2147483647</string>
			<key>files</key>
			<array/>
			<key>inputPaths</key>
			<array/>
			<key>isa</key>
			<string>PBXShellScriptBuildPhase</string>
			<key>name</key>
			<string>Copy Pods Resources</string>
			<key>outputPaths</key>
			<array/>
			<key>runOnlyForDeploymentPostprocessing</key>
			<string>0</string>
			<key>shellPath</key>
			<string>/bin/sh</string>
			<key>shellScript</key>
			<string>"${SRCROOT}/Pods/Pods-resources.sh"
</string>
			<key>showEnvVarsInLog</key>
			<string>0</string>
		</dict>
		<key>D89255095EA74A32A1E8B605</key>
		<dict>
			<key>buildActionMask</key>
			<string>2147483647</string>
			<key>files</key>
			<array/>
			<key>inputPaths</key>
			<array/>
			<key>isa</key>
			<string>PBXShellScriptBuildPhase</string>
			<key>name</key>
			<string>Check Pods Manifest.lock</string>
			<key>outputPaths</key>
			<array/>
			<key>runOnlyForDeploymentPostprocessing</key>
			<string>0</string>
			<key>shellPath</key>
			<string>/bin/sh</string>
			<key>shellScript</key>
			<string>diff "${PODS_ROOT}/../Podfile.lock" "${PODS_ROOT}/Manifest.lock" &gt; /dev/null
if [[ $? != 0 ]] ; then
    cat &lt;&lt; EOM
error: The sandbox is not in sync with the Podfile.lock. Run 'pod install' or update your CocoaPods installation.
EOM
    exit 1
fi
</string>
			<key>showEnvVarsInLog</key>
			<string>0</string>
		</dict>
		<key>E816A77369564D8A8781B0AB</key>
		<dict>
			<key>explicitFileType</key>
			<string>archive.ar</string>
			<key>includeInIndex</key>
			<string>0</string>
			<key>isa</key>
			<string>PBXFileReference</string>
			<key>path</key>
			<string>libPods-test.a</string>
			<key>sourceTree</key>
			<string>BUILT_PRODUCTS_DIR</string>
		</dict>
	</dict>
	<key>rootObject</key>
	<string>029F3BFF17B3F0E7009B0BB0</string>
</dict>
</plist>
