// !$*UTF8*$!
{
	archiveVersion = 1;
	classes = {
	};
	objectVersion = 46;
	objects = {

/* Begin PBXBuildFile section */
		02087DC217CCFA5B00D2C022 /* LURequestHandler.m in Sources */ = {isa = PBXBuildFile; fileRef = 02087DC117CCFA5B00D2C022 /* LURequestHandler.m */; };
		02087DC517CCFC3B00D2C022 /* LULoggedInViewController.m in Sources */ = {isa = PBXBuildFile; fileRef = 02087DC417CCFC3B00D2C022 /* LULoggedInViewController.m */; };
		02087DC717CCFC4F00D2C022 /* LULoggedInViewController.xib in Resources */ = {isa = PBXBuildFile; fileRef = 02087DC617CCFC4F00D2C022 /* LULoggedInViewController.xib */; };
		02087DCB17CCFE3A00D2C022 /* LUPayViewController.m in Sources */ = {isa = PBXBuildFile; fileRef = 02087DC917CCFE3A00D2C022 /* LUPayViewController.m */; };
		02087DCE17CCFE4D00D2C022 /* LUPayViewController.xib in Resources */ = {isa = PBXBuildFile; fileRef = 02087DCD17CCFE4D00D2C022 /* LUPayViewController.xib */; };
		02087DD117CCFFE300D2C022 /* LUAuthenticationHandler.m in Sources */ = {isa = PBXBuildFile; fileRef = 02087DD017CCFFE300D2C022 /* LUAuthenticationHandler.m */; };
		02087DD517CD134500D2C022 /* LUAddCardViewController.m in Sources */ = {isa = PBXBuildFile; fileRef = 02087DD317CD134500D2C022 /* LUAddCardViewController.m */; };
		02087DD817CD135A00D2C022 /* LUAddCardViewController.xib in Resources */ = {isa = PBXBuildFile; fileRef = 02087DD717CD135A00D2C022 /* LUAddCardViewController.xib */; };
		02087DDC17CD17A700D2C022 /* LURegisterViewController.m in Sources */ = {isa = PBXBuildFile; fileRef = 02087DDA17CD17A700D2C022 /* LURegisterViewController.m */; };
		02087DDF17CD17B800D2C022 /* LURegisterViewController.xib in Resources */ = {isa = PBXBuildFile; fileRef = 02087DDE17CD17B800D2C022 /* LURegisterViewController.xib */; };
		022757F417CCE47800C83515 /* LULoggedOutViewController.xib in Resources */ = {isa = PBXBuildFile; fileRef = 022757F317CCE47800C83515 /* LULoggedOutViewController.xib */; };
		022757F817CCF41500C83515 /* LULogInViewController.m in Sources */ = {isa = PBXBuildFile; fileRef = 022757F617CCF41500C83515 /* LULogInViewController.m */; };
		022757FB17CCF42B00C83515 /* LULogInViewController.xib in Resources */ = {isa = PBXBuildFile; fileRef = 022757FA17CCF42B00C83515 /* LULogInViewController.xib */; };
		0294D02A1906C00C00BBACCB /* LUDeepLinkAuthViewController.m in Sources */ = {isa = PBXBuildFile; fileRef = 0294D0291906C00C00BBACCB /* LUDeepLinkAuthViewController.m */; };
		0294D02C1906C06D00BBACCB /* LUDeepLinkAuthViewController.xib in Resources */ = {isa = PBXBuildFile; fileRef = 0294D02B1906C06D00BBACCB /* LUDeepLinkAuthViewController.xib */; };
		029F3C0B17B3F0E7009B0BB0 /* UIKit.framework in Frameworks */ = {isa = PBXBuildFile; fileRef = 029F3C0A17B3F0E7009B0BB0 /* UIKit.framework */; };
		029F3C0D17B3F0E7009B0BB0 /* Foundation.framework in Frameworks */ = {isa = PBXBuildFile; fileRef = 029F3C0C17B3F0E7009B0BB0 /* Foundation.framework */; };
		029F3C0F17B3F0E7009B0BB0 /* CoreGraphics.framework in Frameworks */ = {isa = PBXBuildFile; fileRef = 029F3C0E17B3F0E7009B0BB0 /* CoreGraphics.framework */; };
		029F3C1B17B3F0E7009B0BB0 /* LUAppDelegate.m in Sources */ = {isa = PBXBuildFile; fileRef = 029F3C1A17B3F0E7009B0BB0 /* LUAppDelegate.m */; };
		029F3C5517B3F369009B0BB0 /* LULoggedOutViewController.m in Sources */ = {isa = PBXBuildFile; fileRef = 029F3C4917B3F369009B0BB0 /* LULoggedOutViewController.m */; };
		029F3C5617B3F369009B0BB0 /* Default-568h@2x.png in Resources */ = {isa = PBXBuildFile; fileRef = 029F3C4C17B3F369009B0BB0 /* Default-568h@2x.png */; };
		029F3C5717B3F369009B0BB0 /* Default.png in Resources */ = {isa = PBXBuildFile; fileRef = 029F3C4D17B3F369009B0BB0 /* Default.png */; };
		029F3C5817B3F369009B0BB0 /* Default@2x.png in Resources */ = {isa = PBXBuildFile; fileRef = 029F3C4E17B3F369009B0BB0 /* Default@2x.png */; };
		029F3C5B17B3F369009B0BB0 /* main.m in Sources */ = {isa = PBXBuildFile; fileRef = 029F3C5417B3F369009B0BB0 /* main.m */; };
		25B21E93647540AF9A2B2395 /* libPods.a in Frameworks */ = {isa = PBXBuildFile; fileRef = 522D35D0BB894D019D27FE1D /* libPods.a */; };
/* End PBXBuildFile section */

/* Begin PBXFileReference section */
		02087DC017CCFA5B00D2C022 /* LURequestHandler.h */ = {isa = PBXFileReference; fileEncoding = 4; lastKnownFileType = sourcecode.c.h; name = LURequestHandler.h; path = Handlers/LURequestHandler.h; sourceTree = "<group>"; };
		02087DC117CCFA5B00D2C022 /* LURequestHandler.m */ = {isa = PBXFileReference; fileEncoding = 4; lastKnownFileType = sourcecode.c.objc; name = LURequestHandler.m; path = Handlers/LURequestHandler.m; sourceTree = "<group>"; };
		02087DC317CCFC3A00D2C022 /* LULoggedInViewController.h */ = {isa = PBXFileReference; fileEncoding = 4; lastKnownFileType = sourcecode.c.h; path = LULoggedInViewController.h; sourceTree = "<group>"; };
		02087DC417CCFC3B00D2C022 /* LULoggedInViewController.m */ = {isa = PBXFileReference; fileEncoding = 4; lastKnownFileType = sourcecode.c.objc; path = LULoggedInViewController.m; sourceTree = "<group>"; };
		02087DC617CCFC4F00D2C022 /* LULoggedInViewController.xib */ = {isa = PBXFileReference; fileEncoding = 4; lastKnownFileType = file.xib; name = LULoggedInViewController.xib; path = NIBs/LULoggedInViewController.xib; sourceTree = "<group>"; };
		02087DC817CCFE3A00D2C022 /* LUPayViewController.h */ = {isa = PBXFileReference; fileEncoding = 4; lastKnownFileType = sourcecode.c.h; path = LUPayViewController.h; sourceTree = "<group>"; };
		02087DC917CCFE3A00D2C022 /* LUPayViewController.m */ = {isa = PBXFileReference; fileEncoding = 4; lastKnownFileType = sourcecode.c.objc; path = LUPayViewController.m; sourceTree = "<group>"; };
		02087DCD17CCFE4D00D2C022 /* LUPayViewController.xib */ = {isa = PBXFileReference; fileEncoding = 4; lastKnownFileType = file.xib; name = LUPayViewController.xib; path = NIBs/LUPayViewController.xib; sourceTree = "<group>"; };
		02087DCF17CCFFE300D2C022 /* LUAuthenticationHandler.h */ = {isa = PBXFileReference; fileEncoding = 4; lastKnownFileType = sourcecode.c.h; name = LUAuthenticationHandler.h; path = Handlers/LUAuthenticationHandler.h; sourceTree = "<group>"; };
		02087DD017CCFFE300D2C022 /* LUAuthenticationHandler.m */ = {isa = PBXFileReference; fileEncoding = 4; lastKnownFileType = sourcecode.c.objc; name = LUAuthenticationHandler.m; path = Handlers/LUAuthenticationHandler.m; sourceTree = "<group>"; };
		02087DD217CD134500D2C022 /* LUAddCardViewController.h */ = {isa = PBXFileReference; fileEncoding = 4; lastKnownFileType = sourcecode.c.h; path = LUAddCardViewController.h; sourceTree = "<group>"; };
		02087DD317CD134500D2C022 /* LUAddCardViewController.m */ = {isa = PBXFileReference; fileEncoding = 4; lastKnownFileType = sourcecode.c.objc; path = LUAddCardViewController.m; sourceTree = "<group>"; };
		02087DD717CD135A00D2C022 /* LUAddCardViewController.xib */ = {isa = PBXFileReference; fileEncoding = 4; lastKnownFileType = file.xib; name = LUAddCardViewController.xib; path = NIBs/LUAddCardViewController.xib; sourceTree = "<group>"; };
		02087DD917CD17A700D2C022 /* LURegisterViewController.h */ = {isa = PBXFileReference; fileEncoding = 4; lastKnownFileType = sourcecode.c.h; path = LURegisterViewController.h; sourceTree = "<group>"; };
		02087DDA17CD17A700D2C022 /* LURegisterViewController.m */ = {isa = PBXFileReference; fileEncoding = 4; lastKnownFileType = sourcecode.c.objc; path = LURegisterViewController.m; sourceTree = "<group>"; };
		02087DDE17CD17B800D2C022 /* LURegisterViewController.xib */ = {isa = PBXFileReference; fileEncoding = 4; lastKnownFileType = file.xib; name = LURegisterViewController.xib; path = NIBs/LURegisterViewController.xib; sourceTree = "<group>"; };
		022757F317CCE47800C83515 /* LULoggedOutViewController.xib */ = {isa = PBXFileReference; fileEncoding = 4; lastKnownFileType = file.xib; name = LULoggedOutViewController.xib; path = NIBs/LULoggedOutViewController.xib; sourceTree = "<group>"; };
		022757F517CCF41500C83515 /* LULogInViewController.h */ = {isa = PBXFileReference; fileEncoding = 4; lastKnownFileType = sourcecode.c.h; path = LULogInViewController.h; sourceTree = "<group>"; };
		022757F617CCF41500C83515 /* LULogInViewController.m */ = {isa = PBXFileReference; fileEncoding = 4; lastKnownFileType = sourcecode.c.objc; path = LULogInViewController.m; sourceTree = "<group>"; };
		022757FA17CCF42B00C83515 /* LULogInViewController.xib */ = {isa = PBXFileReference; fileEncoding = 4; lastKnownFileType = file.xib; name = LULogInViewController.xib; path = NIBs/LULogInViewController.xib; sourceTree = "<group>"; };
		0246F20717B536FC009D5D84 /* LevelUpSDKSample-Info.plist */ = {isa = PBXFileReference; lastKnownFileType = text.plist.xml; path = "LevelUpSDKSample-Info.plist"; sourceTree = "<group>"; };
		0246F20817B536FC009D5D84 /* LevelUpSDKSample-Prefix.pch */ = {isa = PBXFileReference; lastKnownFileType = sourcecode.c.h; path = "LevelUpSDKSample-Prefix.pch"; sourceTree = "<group>"; };
		0294D0281906C00C00BBACCB /* LUDeepLinkAuthViewController.h */ = {isa = PBXFileReference; fileEncoding = 4; lastKnownFileType = sourcecode.c.h; path = LUDeepLinkAuthViewController.h; sourceTree = "<group>"; };
		0294D0291906C00C00BBACCB /* LUDeepLinkAuthViewController.m */ = {isa = PBXFileReference; fileEncoding = 4; lastKnownFileType = sourcecode.c.objc; path = LUDeepLinkAuthViewController.m; sourceTree = "<group>"; };
		0294D02B1906C06D00BBACCB /* LUDeepLinkAuthViewController.xib */ = {isa = PBXFileReference; fileEncoding = 4; lastKnownFileType = file.xib; name = LUDeepLinkAuthViewController.xib; path = NIBs/LUDeepLinkAuthViewController.xib; sourceTree = "<group>"; };
		029F3C0717B3F0E7009B0BB0 /* LevelUpSDKSample.app */ = {isa = PBXFileReference; explicitFileType = wrapper.application; includeInIndex = 0; path = LevelUpSDKSample.app; sourceTree = BUILT_PRODUCTS_DIR; };
		029F3C0A17B3F0E7009B0BB0 /* UIKit.framework */ = {isa = PBXFileReference; lastKnownFileType = wrapper.framework; name = UIKit.framework; path = System/Library/Frameworks/UIKit.framework; sourceTree = SDKROOT; };
		029F3C0C17B3F0E7009B0BB0 /* Foundation.framework */ = {isa = PBXFileReference; lastKnownFileType = wrapper.framework; name = Foundation.framework; path = System/Library/Frameworks/Foundation.framework; sourceTree = SDKROOT; };
		029F3C0E17B3F0E7009B0BB0 /* CoreGraphics.framework */ = {isa = PBXFileReference; lastKnownFileType = wrapper.framework; name = CoreGraphics.framework; path = System/Library/Frameworks/CoreGraphics.framework; sourceTree = SDKROOT; };
		029F3C1917B3F0E7009B0BB0 /* LUAppDelegate.h */ = {isa = PBXFileReference; lastKnownFileType = sourcecode.c.h; path = LUAppDelegate.h; sourceTree = "<group>"; };
		029F3C1A17B3F0E7009B0BB0 /* LUAppDelegate.m */ = {isa = PBXFileReference; lastKnownFileType = sourcecode.c.objc; path = LUAppDelegate.m; sourceTree = "<group>"; };
		029F3C2E17B3F0E8009B0BB0 /* SenTestingKit.framework */ = {isa = PBXFileReference; lastKnownFileType = wrapper.framework; name = SenTestingKit.framework; path = Library/Frameworks/SenTestingKit.framework; sourceTree = DEVELOPER_DIR; };
		029F3C4817B3F369009B0BB0 /* LULoggedOutViewController.h */ = {isa = PBXFileReference; fileEncoding = 4; lastKnownFileType = sourcecode.c.h; path = LULoggedOutViewController.h; sourceTree = "<group>"; };
		029F3C4917B3F369009B0BB0 /* LULoggedOutViewController.m */ = {isa = PBXFileReference; fileEncoding = 4; lastKnownFileType = sourcecode.c.objc; path = LULoggedOutViewController.m; sourceTree = "<group>"; };
		029F3C4C17B3F369009B0BB0 /* Default-568h@2x.png */ = {isa = PBXFileReference; lastKnownFileType = image.png; path = "Default-568h@2x.png"; sourceTree = "<group>"; };
		029F3C4D17B3F369009B0BB0 /* Default.png */ = {isa = PBXFileReference; lastKnownFileType = image.png; path = Default.png; sourceTree = "<group>"; };
		029F3C4E17B3F369009B0BB0 /* Default@2x.png */ = {isa = PBXFileReference; lastKnownFileType = image.png; path = "Default@2x.png"; sourceTree = "<group>"; };
		029F3C5417B3F369009B0BB0 /* main.m */ = {isa = PBXFileReference; fileEncoding = 4; lastKnownFileType = sourcecode.c.objc; path = main.m; sourceTree = "<group>"; };
		43EEB90621CF46E2BA203180 /* Pods.xcconfig */ = {isa = PBXFileReference; includeInIndex = 1; lastKnownFileType = text.xcconfig; name = Pods.xcconfig; path = Pods/Pods.xcconfig; sourceTree = SOURCE_ROOT; };
		522D35D0BB894D019D27FE1D /* libPods.a */ = {isa = PBXFileReference; explicitFileType = archive.ar; includeInIndex = 0; path = libPods.a; sourceTree = BUILT_PRODUCTS_DIR; };
		E816A77369564D8A8781B0AB /* libPods-test.a */ = {isa = PBXFileReference; explicitFileType = archive.ar; includeInIndex = 0; path = "libPods-test.a"; sourceTree = BUILT_PRODUCTS_DIR; };
/* End PBXFileReference section */

/* Begin PBXFrameworksBuildPhase section */
		029F3C0417B3F0E7009B0BB0 /* Frameworks */ = {
			isa = PBXFrameworksBuildPhase;
			buildActionMask = 2147483647;
			files = (
				029F3C0B17B3F0E7009B0BB0 /* UIKit.framework in Frameworks */,
				029F3C0D17B3F0E7009B0BB0 /* Foundation.framework in Frameworks */,
				029F3C0F17B3F0E7009B0BB0 /* CoreGraphics.framework in Frameworks */,
				25B21E93647540AF9A2B2395 /* libPods.a in Frameworks */,
			);
			runOnlyForDeploymentPostprocessing = 0;
		};
/* End PBXFrameworksBuildPhase section */

/* Begin PBXGroup section */
		02087DBF17CCF9F300D2C022 /* Handlers */ = {
			isa = PBXGroup;
			children = (
				02087DCF17CCFFE300D2C022 /* LUAuthenticationHandler.h */,
				02087DD017CCFFE300D2C022 /* LUAuthenticationHandler.m */,
				02087DC017CCFA5B00D2C022 /* LURequestHandler.h */,
				02087DC117CCFA5B00D2C022 /* LURequestHandler.m */,
			);
			name = Handlers;
			sourceTree = "<group>";
		};
		022757F217CCE45B00C83515 /* NIBs */ = {
			isa = PBXGroup;
			children = (
				02087DD717CD135A00D2C022 /* LUAddCardViewController.xib */,
				0294D02B1906C06D00BBACCB /* LUDeepLinkAuthViewController.xib */,
				02087DC617CCFC4F00D2C022 /* LULoggedInViewController.xib */,
				022757F317CCE47800C83515 /* LULoggedOutViewController.xib */,
				022757FA17CCF42B00C83515 /* LULogInViewController.xib */,
				02087DCD17CCFE4D00D2C022 /* LUPayViewController.xib */,
				02087DDE17CD17B800D2C022 /* LURegisterViewController.xib */,
			);
			name = NIBs;
			sourceTree = "<group>";
		};
		029F3BFE17B3F0E7009B0BB0 = {
			isa = PBXGroup;
			children = (
				029F3C1017B3F0E7009B0BB0 /* Source */,
				029F3C0917B3F0E7009B0BB0 /* Frameworks */,
				029F3C0817B3F0E7009B0BB0 /* Products */,
				43EEB90621CF46E2BA203180 /* Pods.xcconfig */,
			);
			indentWidth = 2;
			sourceTree = "<group>";
			tabWidth = 2;
			usesTabs = 0;
		};
		029F3C0817B3F0E7009B0BB0 /* Products */ = {
			isa = PBXGroup;
			children = (
				029F3C0717B3F0E7009B0BB0 /* LevelUpSDKSample.app */,
			);
			name = Products;
			sourceTree = "<group>";
		};
		029F3C0917B3F0E7009B0BB0 /* Frameworks */ = {
			isa = PBXGroup;
			children = (
				029F3C0A17B3F0E7009B0BB0 /* UIKit.framework */,
				029F3C0C17B3F0E7009B0BB0 /* Foundation.framework */,
				029F3C0E17B3F0E7009B0BB0 /* CoreGraphics.framework */,
				029F3C2E17B3F0E8009B0BB0 /* SenTestingKit.framework */,
				522D35D0BB894D019D27FE1D /* libPods.a */,
				E816A77369564D8A8781B0AB /* libPods-test.a */,
			);
			name = Frameworks;
			sourceTree = "<group>";
		};
		029F3C1017B3F0E7009B0BB0 /* Source */ = {
			isa = PBXGroup;
			children = (
				029F3C4717B3F369009B0BB0 /* Controllers */,
				02087DBF17CCF9F300D2C022 /* Handlers */,
				029F3C4A17B3F369009B0BB0 /* Resources */,
				029F3C5117B3F369009B0BB0 /* Supporting Files */,
				029F3C1917B3F0E7009B0BB0 /* LUAppDelegate.h */,
				029F3C1A17B3F0E7009B0BB0 /* LUAppDelegate.m */,
			);
			path = Source;
			sourceTree = "<group>";
		};
		029F3C4717B3F369009B0BB0 /* Controllers */ = {
			isa = PBXGroup;
			children = (
				02087DD217CD134500D2C022 /* LUAddCardViewController.h */,
				02087DD317CD134500D2C022 /* LUAddCardViewController.m */,
				0294D0281906C00C00BBACCB /* LUDeepLinkAuthViewController.h */,
				0294D0291906C00C00BBACCB /* LUDeepLinkAuthViewController.m */,
				02087DC317CCFC3A00D2C022 /* LULoggedInViewController.h */,
				02087DC417CCFC3B00D2C022 /* LULoggedInViewController.m */,
				029F3C4817B3F369009B0BB0 /* LULoggedOutViewController.h */,
				029F3C4917B3F369009B0BB0 /* LULoggedOutViewController.m */,
				022757F517CCF41500C83515 /* LULogInViewController.h */,
				022757F617CCF41500C83515 /* LULogInViewController.m */,
				02087DC817CCFE3A00D2C022 /* LUPayViewController.h */,
				02087DC917CCFE3A00D2C022 /* LUPayViewController.m */,
				02087DD917CD17A700D2C022 /* LURegisterViewController.h */,
				02087DDA17CD17A700D2C022 /* LURegisterViewController.m */,
			);
			path = Controllers;
			sourceTree = "<group>";
		};
		029F3C4A17B3F369009B0BB0 /* Resources */ = {
			isa = PBXGroup;
			children = (
				029F3C4B17B3F369009B0BB0 /* Images */,
				022757F217CCE45B00C83515 /* NIBs */,
			);
			path = Resources;
			sourceTree = "<group>";
		};
		029F3C4B17B3F369009B0BB0 /* Images */ = {
			isa = PBXGroup;
			children = (
				029F3C4C17B3F369009B0BB0 /* Default-568h@2x.png */,
				029F3C4D17B3F369009B0BB0 /* Default.png */,
				029F3C4E17B3F369009B0BB0 /* Default@2x.png */,
			);
			path = Images;
			sourceTree = "<group>";
		};
		029F3C5117B3F369009B0BB0 /* Supporting Files */ = {
			isa = PBXGroup;
			children = (
				0246F20717B536FC009D5D84 /* LevelUpSDKSample-Info.plist */,
				0246F20817B536FC009D5D84 /* LevelUpSDKSample-Prefix.pch */,
				029F3C5417B3F369009B0BB0 /* main.m */,
			);
			name = "Supporting Files";
			path = "Supporting-Files";
			sourceTree = "<group>";
		};
/* End PBXGroup section */

/* Begin PBXNativeTarget section */
		029F3C0617B3F0E7009B0BB0 /* LevelUpSDKSample */ = {
			isa = PBXNativeTarget;
			buildConfigurationList = 029F3C3F17B3F0E8009B0BB0 /* Build configuration list for PBXNativeTarget "LevelUpSDKSample" */;
			buildPhases = (
				D89255095EA74A32A1E8B605 /* Check Pods Manifest.lock */,
				029F3C0317B3F0E7009B0BB0 /* Sources */,
				029F3C0417B3F0E7009B0BB0 /* Frameworks */,
				029F3C0517B3F0E7009B0BB0 /* Resources */,
				A30DB166B07446E2B63B0338 /* Copy Pods Resources */,
				0B0F5D5BA82649E8AC7798A3 /* Warn for TODO and FIXME comments */,
			);
			buildRules = (
			);
			dependencies = (
			);
			name = LevelUpSDKSample;
			productName = CoreSDKSample;
			productReference = 029F3C0717B3F0E7009B0BB0 /* LevelUpSDKSample.app */;
			productType = "com.apple.product-type.application";
		};
/* End PBXNativeTarget section */

/* Begin PBXProject section */
		029F3BFF17B3F0E7009B0BB0 /* Project object */ = {
			isa = PBXProject;
			attributes = {
				LastUpgradeCheck = 0460;
				ORGANIZATIONNAME = SCVNGR;
			};
			buildConfigurationList = 029F3C0217B3F0E7009B0BB0 /* Build configuration list for PBXProject "LevelUpSDKSample" */;
			compatibilityVersion = "Xcode 3.2";
			developmentRegion = English;
			hasScannedForEncodings = 0;
			knownRegions = (
				en,
			);
			mainGroup = 029F3BFE17B3F0E7009B0BB0;
			productRefGroup = 029F3C0817B3F0E7009B0BB0 /* Products */;
			projectDirPath = "";
			projectRoot = "";
			targets = (
				029F3C0617B3F0E7009B0BB0 /* LevelUpSDKSample */,
			);
		};
/* End PBXProject section */

/* Begin PBXResourcesBuildPhase section */
		029F3C0517B3F0E7009B0BB0 /* Resources */ = {
			isa = PBXResourcesBuildPhase;
			buildActionMask = 2147483647;
			files = (
				029F3C5617B3F369009B0BB0 /* Default-568h@2x.png in Resources */,
				029F3C5717B3F369009B0BB0 /* Default.png in Resources */,
				029F3C5817B3F369009B0BB0 /* Default@2x.png in Resources */,
				022757F417CCE47800C83515 /* LULoggedOutViewController.xib in Resources */,
				022757FB17CCF42B00C83515 /* LULogInViewController.xib in Resources */,
				02087DC717CCFC4F00D2C022 /* LULoggedInViewController.xib in Resources */,
				02087DCE17CCFE4D00D2C022 /* LUPayViewController.xib in Resources */,
				02087DD817CD135A00D2C022 /* LUAddCardViewController.xib in Resources */,
				0294D02C1906C06D00BBACCB /* LUDeepLinkAuthViewController.xib in Resources */,
				02087DDF17CD17B800D2C022 /* LURegisterViewController.xib in Resources */,
			);
			runOnlyForDeploymentPostprocessing = 0;
		};
/* End PBXResourcesBuildPhase section */

/* Begin PBXShellScriptBuildPhase section */
		0B0F5D5BA82649E8AC7798A3 /* Warn for TODO and FIXME comments */ = {
			isa = PBXShellScriptBuildPhase;
			buildActionMask = 2147483647;
			files = (
			);
			inputPaths = (
			);
			name = "Warn for TODO and FIXME comments";
			outputPaths = (
			);
			runOnlyForDeploymentPostprocessing = 0;
			shellPath = /bin/sh;
			shellScript = "KEYWORDS=\"TODO:|FIXME:|\\?\\?\\?:|\\!\\!\\!:\"\nFILE_EXTENSIONS=\"h|m|mm|c|cpp\"\nfind -E \"${SRCROOT}\" -ipath \"${SRCROOT}/pods\" -prune -o \\( -regex \".*\\.($FILE_EXTENSIONS)$\" \\) -print0 | xargs -0 egrep --with-filename --line-number --only-matching \"($KEYWORDS).*\\$\" | perl -p -e \"s/($KEYWORDS)/ warning: \\$1/\"\n";
		};
		A30DB166B07446E2B63B0338 /* Copy Pods Resources */ = {
			isa = PBXShellScriptBuildPhase;
			buildActionMask = 2147483647;
			files = (
			);
			inputPaths = (
			);
			name = "Copy Pods Resources";
			outputPaths = (
			);
			runOnlyForDeploymentPostprocessing = 0;
			shellPath = /bin/sh;
			shellScript = "\"${SRCROOT}/Pods/Pods-resources.sh\"\n";
			showEnvVarsInLog = 0;
		};
		D89255095EA74A32A1E8B605 /* Check Pods Manifest.lock */ = {
			isa = PBXShellScriptBuildPhase;
			buildActionMask = 2147483647;
			files = (
			);
			inputPaths = (
			);
			name = "Check Pods Manifest.lock";
			outputPaths = (
			);
			runOnlyForDeploymentPostprocessing = 0;
			shellPath = /bin/sh;
			shellScript = "diff \"${PODS_ROOT}/../Podfile.lock\" \"${PODS_ROOT}/Manifest.lock\" > /dev/null\nif [[ $? != 0 ]] ; then\n    cat << EOM\nerror: The sandbox is not in sync with the Podfile.lock. Run 'pod install' or update your CocoaPods installation.\nEOM\n    exit 1\nfi\n";
			showEnvVarsInLog = 0;
		};
/* End PBXShellScriptBuildPhase section */

/* Begin PBXSourcesBuildPhase section */
		029F3C0317B3F0E7009B0BB0 /* Sources */ = {
			isa = PBXSourcesBuildPhase;
			buildActionMask = 2147483647;
			files = (
				029F3C1B17B3F0E7009B0BB0 /* LUAppDelegate.m in Sources */,
				029F3C5517B3F369009B0BB0 /* LULoggedOutViewController.m in Sources */,
				029F3C5B17B3F369009B0BB0 /* main.m in Sources */,
				022757F817CCF41500C83515 /* LULogInViewController.m in Sources */,
				0294D02A1906C00C00BBACCB /* LUDeepLinkAuthViewController.m in Sources */,
				02087DC217CCFA5B00D2C022 /* LURequestHandler.m in Sources */,
				02087DC517CCFC3B00D2C022 /* LULoggedInViewController.m in Sources */,
				02087DCB17CCFE3A00D2C022 /* LUPayViewController.m in Sources */,
				02087DD117CCFFE300D2C022 /* LUAuthenticationHandler.m in Sources */,
				02087DD517CD134500D2C022 /* LUAddCardViewController.m in Sources */,
				02087DDC17CD17A700D2C022 /* LURegisterViewController.m in Sources */,
			);
			runOnlyForDeploymentPostprocessing = 0;
		};
/* End PBXSourcesBuildPhase section */

/* Begin XCBuildConfiguration section */
		029F3C3D17B3F0E8009B0BB0 /* Debug */ = {
			isa = XCBuildConfiguration;
			buildSettings = {
				ALWAYS_SEARCH_USER_PATHS = NO;
				CLANG_CXX_LANGUAGE_STANDARD = "gnu++0x";
				CLANG_CXX_LIBRARY = "libc++";
				CLANG_ENABLE_OBJC_ARC = YES;
				CLANG_WARN_CONSTANT_CONVERSION = YES;
				CLANG_WARN_EMPTY_BODY = YES;
				CLANG_WARN_ENUM_CONVERSION = YES;
				CLANG_WARN_INT_CONVERSION = YES;
				CLANG_WARN__DUPLICATE_METHOD_MATCH = YES;
				COPY_PHASE_STRIP = NO;
				GCC_C_LANGUAGE_STANDARD = gnu99;
				GCC_DYNAMIC_NO_PIC = NO;
				GCC_OPTIMIZATION_LEVEL = 0;
				GCC_PREPROCESSOR_DEFINITIONS = (
					"DEBUG=1",
					"$(inherited)",
				);
				GCC_SYMBOLS_PRIVATE_EXTERN = NO;
				GCC_WARN_64_TO_32_BIT_CONVERSION = YES;
				GCC_WARN_ABOUT_MISSING_FIELD_INITIALIZERS = YES;
				GCC_WARN_ABOUT_MISSING_NEWLINE = YES;
				GCC_WARN_ABOUT_RETURN_TYPE = YES;
				GCC_WARN_CHECK_SWITCH_STATEMENTS = YES;
				GCC_WARN_INITIALIZER_NOT_FULLY_BRACKETED = YES;
				GCC_WARN_MISSING_PARENTHESES = YES;
				GCC_WARN_SHADOW = YES;
				GCC_WARN_SIGN_COMPARE = YES;
				GCC_WARN_TYPECHECK_CALLS_TO_PRINTF = YES;
				GCC_WARN_UNDECLARED_SELECTOR = YES;
				GCC_WARN_UNINITIALIZED_AUTOS = YES;
				GCC_WARN_UNUSED_FUNCTION = YES;
				GCC_WARN_UNUSED_LABEL = YES;
				GCC_WARN_UNUSED_VALUE = YES;
				GCC_WARN_UNUSED_VARIABLE = YES;
				IPHONEOS_DEPLOYMENT_TARGET = 6.0;
				ONLY_ACTIVE_ARCH = YES;
				RUN_CLANG_STATIC_ANALYZER = YES;
				SDKROOT = iphoneos;
			};
			name = Debug;
		};
		029F3C3E17B3F0E8009B0BB0 /* Release */ = {
			isa = XCBuildConfiguration;
			buildSettings = {
				ALWAYS_SEARCH_USER_PATHS = NO;
				CLANG_CXX_LANGUAGE_STANDARD = "gnu++0x";
				CLANG_CXX_LIBRARY = "libc++";
				CLANG_ENABLE_OBJC_ARC = YES;
				CLANG_WARN_CONSTANT_CONVERSION = YES;
				CLANG_WARN_EMPTY_BODY = YES;
				CLANG_WARN_ENUM_CONVERSION = YES;
				CLANG_WARN_INT_CONVERSION = YES;
				CLANG_WARN__DUPLICATE_METHOD_MATCH = YES;
				COPY_PHASE_STRIP = YES;
				GCC_C_LANGUAGE_STANDARD = gnu99;
				GCC_WARN_64_TO_32_BIT_CONVERSION = YES;
				GCC_WARN_ABOUT_MISSING_FIELD_INITIALIZERS = YES;
				GCC_WARN_ABOUT_MISSING_NEWLINE = YES;
				GCC_WARN_ABOUT_RETURN_TYPE = YES;
				GCC_WARN_CHECK_SWITCH_STATEMENTS = YES;
				GCC_WARN_INITIALIZER_NOT_FULLY_BRACKETED = YES;
				GCC_WARN_MISSING_PARENTHESES = YES;
				GCC_WARN_SHADOW = YES;
				GCC_WARN_SIGN_COMPARE = YES;
				GCC_WARN_TYPECHECK_CALLS_TO_PRINTF = YES;
				GCC_WARN_UNDECLARED_SELECTOR = YES;
				GCC_WARN_UNINITIALIZED_AUTOS = YES;
				GCC_WARN_UNUSED_FUNCTION = YES;
				GCC_WARN_UNUSED_LABEL = YES;
				GCC_WARN_UNUSED_VALUE = YES;
				GCC_WARN_UNUSED_VARIABLE = YES;
				IPHONEOS_DEPLOYMENT_TARGET = 6.0;
				OTHER_CFLAGS = "-DNS_BLOCK_ASSERTIONS=1";
				RUN_CLANG_STATIC_ANALYZER = YES;
				SDKROOT = iphoneos;
				VALIDATE_PRODUCT = YES;
			};
			name = Release;
		};
		029F3C4017B3F0E8009B0BB0 /* Debug */ = {
			isa = XCBuildConfiguration;
			baseConfigurationReference = 43EEB90621CF46E2BA203180 /* Pods.xcconfig */;
			buildSettings = {
				GCC_PRECOMPILE_PREFIX_HEADER = YES;
				GCC_PREFIX_HEADER = "Source/Supporting-Files/LevelUpSDKSample-Prefix.pch";
				INFOPLIST_FILE = "Source/Supporting-Files/LevelUpSDKSample-Info.plist";
				PRODUCT_NAME = "$(TARGET_NAME)";
				WRAPPER_EXTENSION = app;
			};
			name = Debug;
		};
		029F3C4117B3F0E8009B0BB0 /* Release */ = {
			isa = XCBuildConfiguration;
			baseConfigurationReference = 43EEB90621CF46E2BA203180 /* Pods.xcconfig */;
			buildSettings = {
				GCC_PRECOMPILE_PREFIX_HEADER = YES;
				GCC_PREFIX_HEADER = "Source/Supporting-Files/LevelUpSDKSample-Prefix.pch";
				INFOPLIST_FILE = "Source/Supporting-Files/LevelUpSDKSample-Info.plist";
				PRODUCT_NAME = "$(TARGET_NAME)";
				WRAPPER_EXTENSION = app;
			};
			name = Release;
		};
/* End XCBuildConfiguration section */

/* Begin XCConfigurationList section */
		029F3C0217B3F0E7009B0BB0 /* Build configuration list for PBXProject "LevelUpSDKSample" */ = {
			isa = XCConfigurationList;
			buildConfigurations = (
				029F3C3D17B3F0E8009B0BB0 /* Debug */,
				029F3C3E17B3F0E8009B0BB0 /* Release */,
			);
			defaultConfigurationIsVisible = 0;
			defaultConfigurationName = Release;
		};
		029F3C3F17B3F0E8009B0BB0 /* Build configuration list for PBXNativeTarget "LevelUpSDKSample" */ = {
			isa = XCConfigurationList;
			buildConfigurations = (
				029F3C4017B3F0E8009B0BB0 /* Debug */,
				029F3C4117B3F0E8009B0BB0 /* Release */,
			);
			defaultConfigurationIsVisible = 0;
			defaultConfigurationName = Release;
		};
/* End XCConfigurationList section */
	};
	rootObject = 029F3BFF17B3F0E7009B0BB0 /* Project object */;
}
